
Microsoft Visual Studio Solution File, Format Version 12.00
# Visual Studio Version 17
VisualStudioVersion = 17.10.34916.146
MinimumVisualStudioVersion = 10.0.40219.1
Project("{FAE04EC0-301F-11D3-BF4B-00C04F79EFBC}") = "GymMe", "GymMe\GymMe.csproj", "{0F9F4383-B944-4A05-8BFE-236841D5692D}"
EndProject
Global
	GlobalSection(SolutionConfigurationPlatforms) = preSolution
		Debug|Any CPU = Debug|Any CPU
		Release|Any CPU = Release|Any CPU
	EndGlobalSection
	GlobalSection(ProjectConfigurationPlatforms) = postSolution
		{0F9F4383-B944-4A05-8BFE-236841D5692D}.Debug|Any CPU.ActiveCfg = Debug|Any CPU
		{0F9F4383-B944-4A05-8BFE-236841D5692D}.Debug|Any CPU.Build.0 = Debug|Any CPU
		{0F9F4383-B944-4A05-8BFE-236841D5692D}.Release|Any CPU.ActiveCfg = Release|Any CPU
		{0F9F4383-B944-4A05-8BFE-236841D5692D}.Release|Any CPU.Build.0 = Release|Any CPU
	EndGlobalSection
	GlobalSection(SolutionProperties) = preSolution
		HideSolutionNode = FALSE
	EndGlobalSection
	GlobalSection(ExtensibilityGlobals) = postSolution
		SolutionGuid = {19E1E28F-43D4-4F37-844E-7EA8466C26F5}
	EndGlobalSection
EndGlobal
